
Microsoft Visual Studio Solution File, Format Version 12.00
# Visual Studio Version 16
VisualStudioVersion = 16.0.31702.278
MinimumVisualStudioVersion = 10.0.40219.1
Project("{9A19103F-16F7-4668-BE54-9A1E7A4F7556}") = "CustomerAppSite", "CustomerAppSite\CustomerAppSite.csproj", "{2F1AA4A5-C644-4428-8A01-F4179FEDE4E5}"
EndProject
Project("{9A19103F-16F7-4668-BE54-9A1E7A4F7556}") = "CustomerAppLogic", "CustomerAppLogic_CS\CustomerAppLogic.csproj", "{03014ADE-7872-4DA2-833E-258BCA00FF5C}"
EndProject
Global
	GlobalSection(SolutionConfigurationPlatforms) = preSolution
		Debug|Any CPU = Debug|Any CPU
		Release|Any CPU = Release|Any CPU
	EndGlobalSection
	GlobalSection(ProjectConfigurationPlatforms) = postSolution
		{2F1AA4A5-C644-4428-8A01-F4179FEDE4E5}.Debug|Any CPU.ActiveCfg = Debug|Any CPU
		{2F1AA4A5-C644-4428-8A01-F4179FEDE4E5}.Debug|Any CPU.Build.0 = Debug|Any CPU
		{2F1AA4A5-C644-4428-8A01-F4179FEDE4E5}.Release|Any CPU.ActiveCfg = Release|Any CPU
		{2F1AA4A5-C644-4428-8A01-F4179FEDE4E5}.Release|Any CPU.Build.0 = Release|Any CPU
		{03014ADE-7872-4DA2-833E-258BCA00FF5C}.Debug|Any CPU.ActiveCfg = Debug|Any CPU
		{03014ADE-7872-4DA2-833E-258BCA00FF5C}.Debug|Any CPU.Build.0 = Debug|Any CPU
		{03014ADE-7872-4DA2-833E-258BCA00FF5C}.Release|Any CPU.ActiveCfg = Release|Any CPU
		{03014ADE-7872-4DA2-833E-258BCA00FF5C}.Release|Any CPU.Build.0 = Release|Any CPU
	EndGlobalSection
	GlobalSection(SolutionProperties) = preSolution
		HideSolutionNode = FALSE
	EndGlobalSection
	GlobalSection(ExtensibilityGlobals) = postSolution
		SolutionGuid = {2024D00C-31F7-451A-A740-DF14FEDF7D25}
	EndGlobalSection
EndGlobal
